
Microsoft Visual Studio Solution File, Format Version 12.00
Project("{FAE04EC0-301F-11D3-BF4B-00C04F79EFBC}") = "Web.API", "Web.API\Web.API.csproj", "{9B73B174-9DAF-4DB3-916C-05D45E495660}"
EndProject
Project("{FAE04EC0-301F-11D3-BF4B-00C04F79EFBC}") = "DataAccessLayer", "DataAccessLayer\DataAccessLayer.csproj", "{E9421B68-5FFF-4E51-B72C-F1DCF233DB1C}"
EndProject
Project("{FAE04EC0-301F-11D3-BF4B-00C04F79EFBC}") = "Duende.IDP", "Duende.IDP\Duende.IDP.csproj", "{091AC8B2-C5FC-4334-B47A-AE0AAA255371}"
EndProject
Project("{FAE04EC0-301F-11D3-BF4B-00C04F79EFBC}") = "Web.UI", "Web.UI\Web.UI.csproj", "{B8417E93-59D0-46D1-8B99-9B81BF979D83}"
EndProject
Project("{FAE04EC0-301F-11D3-BF4B-00C04F79EFBC}") = "Demo.Web.API", "Demo.Web.API\Demo.Web.API.csproj", "{EB0E8A7D-17EC-45B0-8DBA-4DC742FFA83D}"
EndProject
Global
	GlobalSection(SolutionConfigurationPlatforms) = preSolution
		Debug|Any CPU = Debug|Any CPU
		Release|Any CPU = Release|Any CPU
	EndGlobalSection
	GlobalSection(ProjectConfigurationPlatforms) = postSolution
		{9B73B174-9DAF-4DB3-916C-05D45E495660}.Debug|Any CPU.ActiveCfg = Debug|Any CPU
		{9B73B174-9DAF-4DB3-916C-05D45E495660}.Debug|Any CPU.Build.0 = Debug|Any CPU
		{9B73B174-9DAF-4DB3-916C-05D45E495660}.Release|Any CPU.ActiveCfg = Release|Any CPU
		{9B73B174-9DAF-4DB3-916C-05D45E495660}.Release|Any CPU.Build.0 = Release|Any CPU
		{E9421B68-5FFF-4E51-B72C-F1DCF233DB1C}.Debug|Any CPU.ActiveCfg = Debug|Any CPU
		{E9421B68-5FFF-4E51-B72C-F1DCF233DB1C}.Debug|Any CPU.Build.0 = Debug|Any CPU
		{E9421B68-5FFF-4E51-B72C-F1DCF233DB1C}.Release|Any CPU.ActiveCfg = Release|Any CPU
		{E9421B68-5FFF-4E51-B72C-F1DCF233DB1C}.Release|Any CPU.Build.0 = Release|Any CPU
		{091AC8B2-C5FC-4334-B47A-AE0AAA255371}.Debug|Any CPU.ActiveCfg = Debug|Any CPU
		{091AC8B2-C5FC-4334-B47A-AE0AAA255371}.Debug|Any CPU.Build.0 = Debug|Any CPU
		{091AC8B2-C5FC-4334-B47A-AE0AAA255371}.Release|Any CPU.ActiveCfg = Release|Any CPU
		{091AC8B2-C5FC-4334-B47A-AE0AAA255371}.Release|Any CPU.Build.0 = Release|Any CPU
		{B8417E93-59D0-46D1-8B99-9B81BF979D83}.Debug|Any CPU.ActiveCfg = Debug|Any CPU
		{B8417E93-59D0-46D1-8B99-9B81BF979D83}.Debug|Any CPU.Build.0 = Debug|Any CPU
		{B8417E93-59D0-46D1-8B99-9B81BF979D83}.Release|Any CPU.ActiveCfg = Release|Any CPU
		{B8417E93-59D0-46D1-8B99-9B81BF979D83}.Release|Any CPU.Build.0 = Release|Any CPU
		{EB0E8A7D-17EC-45B0-8DBA-4DC742FFA83D}.Debug|Any CPU.ActiveCfg = Debug|Any CPU
		{EB0E8A7D-17EC-45B0-8DBA-4DC742FFA83D}.Debug|Any CPU.Build.0 = Debug|Any CPU
		{EB0E8A7D-17EC-45B0-8DBA-4DC742FFA83D}.Release|Any CPU.ActiveCfg = Release|Any CPU
		{EB0E8A7D-17EC-45B0-8DBA-4DC742FFA83D}.Release|Any CPU.Build.0 = Release|Any CPU
	EndGlobalSection
EndGlobal
